
Microsoft Visual Studio Solution File, Format Version 12.00
# Visual Studio Version 17
VisualStudioVersion = 17.11.35303.130
MinimumVisualStudioVersion = 10.0.40219.1
Project("{FAE04EC0-301F-11D3-BF4B-00C04F79EFBC}") = "OOP Generic Collections", "OOP Generic Collections.csproj", "{0B8B6238-4A78-4349-A1A1-A002CC854905}"
EndProject
Global
	GlobalSection(SolutionConfigurationPlatforms) = preSolution
		Debug|Any CPU = Debug|Any CPU
		Release|Any CPU = Release|Any CPU
	EndGlobalSection
	GlobalSection(ProjectConfigurationPlatforms) = postSolution
		{0B8B6238-4A78-4349-A1A1-A002CC854905}.Debug|Any CPU.ActiveCfg = Debug|Any CPU
		{0B8B6238-4A78-4349-A1A1-A002CC854905}.Debug|Any CPU.Build.0 = Debug|Any CPU
		{0B8B6238-4A78-4349-A1A1-A002CC854905}.Release|Any CPU.ActiveCfg = Release|Any CPU
		{0B8B6238-4A78-4349-A1A1-A002CC854905}.Release|Any CPU.Build.0 = Release|Any CPU
	EndGlobalSection
	GlobalSection(SolutionProperties) = preSolution
		HideSolutionNode = FALSE
	EndGlobalSection
	GlobalSection(ExtensibilityGlobals) = postSolution
		SolutionGuid = {A53A5560-FE90-4991-B090-7A6FB7BA8C9B}
	EndGlobalSection
EndGlobal
